
Microsoft Visual Studio Solution File, Format Version 12.00
# Visual Studio Version 16
VisualStudioVersion = 16.0.31129.286
MinimumVisualStudioVersion = 10.0.40219.1
Project("{FAE04EC0-301F-11D3-BF4B-00C04F79EFBC}") = "TimesHigherEducationSpecFlowProject1", "TimesHigherEducationSpecFlowProject1.csproj", "{4480E83A-CECE-4212-8F45-7F2BF7E9CDA2}"
EndProject
Global
	GlobalSection(SolutionConfigurationPlatforms) = preSolution
		Debug|Any CPU = Debug|Any CPU
		Release|Any CPU = Release|Any CPU
	EndGlobalSection
	GlobalSection(ProjectConfigurationPlatforms) = postSolution
		{4480E83A-CECE-4212-8F45-7F2BF7E9CDA2}.Debug|Any CPU.ActiveCfg = Debug|Any CPU
		{4480E83A-CECE-4212-8F45-7F2BF7E9CDA2}.Debug|Any CPU.Build.0 = Debug|Any CPU
		{4480E83A-CECE-4212-8F45-7F2BF7E9CDA2}.Release|Any CPU.ActiveCfg = Release|Any CPU
		{4480E83A-CECE-4212-8F45-7F2BF7E9CDA2}.Release|Any CPU.Build.0 = Release|Any CPU
	EndGlobalSection
	GlobalSection(SolutionProperties) = preSolution
		HideSolutionNode = FALSE
	EndGlobalSection
	GlobalSection(ExtensibilityGlobals) = postSolution
		SolutionGuid = {2C5C6ADF-CF89-4FD3-809E-E4C14826C993}
	EndGlobalSection
EndGlobal
